
Microsoft Visual Studio Solution File, Format Version 12.00
# Visual Studio Version 17
VisualStudioVersion = 17.4.33110.190
MinimumVisualStudioVersion = 10.0.40219.1
Project("{FAE04EC0-301F-11D3-BF4B-00C04F79EFBC}") = "Pos_Print", "Pos_Print\Pos_Print.csproj", "{C731453B-7DA4-471B-BF17-1B784D2FDED9}"
EndProject
Project("{FAE04EC0-301F-11D3-BF4B-00C04F79EFBC}") = "Print_Service", "Print_Service\Print_Service.csproj", "{4DA59265-2CDF-4602-AD24-FC5A2848CBF5}"
EndProject
Global
	GlobalSection(SolutionConfigurationPlatforms) = preSolution
		Debug|Any CPU = Debug|Any CPU
		Release|Any CPU = Release|Any CPU
	EndGlobalSection
	GlobalSection(ProjectConfigurationPlatforms) = postSolution
		{C731453B-7DA4-471B-BF17-1B784D2FDED9}.Debug|Any CPU.ActiveCfg = Debug|Any CPU
		{C731453B-7DA4-471B-BF17-1B784D2FDED9}.Debug|Any CPU.Build.0 = Debug|Any CPU
		{C731453B-7DA4-471B-BF17-1B784D2FDED9}.Release|Any CPU.ActiveCfg = Release|Any CPU
		{C731453B-7DA4-471B-BF17-1B784D2FDED9}.Release|Any CPU.Build.0 = Release|Any CPU
		{4DA59265-2CDF-4602-AD24-FC5A2848CBF5}.Debug|Any CPU.ActiveCfg = Debug|Any CPU
		{4DA59265-2CDF-4602-AD24-FC5A2848CBF5}.Debug|Any CPU.Build.0 = Debug|Any CPU
		{4DA59265-2CDF-4602-AD24-FC5A2848CBF5}.Release|Any CPU.ActiveCfg = Release|Any CPU
		{4DA59265-2CDF-4602-AD24-FC5A2848CBF5}.Release|Any CPU.Build.0 = Release|Any CPU
	EndGlobalSection
	GlobalSection(SolutionProperties) = preSolution
		HideSolutionNode = FALSE
	EndGlobalSection
	GlobalSection(ExtensibilityGlobals) = postSolution
		SolutionGuid = {1EAC4561-BD55-42B6-B7F3-F7B9273349DE}
	EndGlobalSection
EndGlobal
